
Microsoft Visual Studio Solution File, Format Version 12.00
# Visual Studio Version 17
VisualStudioVersion = 17.3.32811.315
MinimumVisualStudioVersion = 10.0.40219.1
Project("{FAE04EC0-301F-11D3-BF4B-00C04F79EFBC}") = "ciselneSoustavy08", "ciselneSoustavy08.csproj", "{ABF16B32-15C4-4FD3-84C1-25DDE4566486}"
EndProject
Global
	GlobalSection(SolutionConfigurationPlatforms) = preSolution
		Debug|Any CPU = Debug|Any CPU
		Release|Any CPU = Release|Any CPU
	EndGlobalSection
	GlobalSection(ProjectConfigurationPlatforms) = postSolution
		{ABF16B32-15C4-4FD3-84C1-25DDE4566486}.Debug|Any CPU.ActiveCfg = Debug|Any CPU
		{ABF16B32-15C4-4FD3-84C1-25DDE4566486}.Debug|Any CPU.Build.0 = Debug|Any CPU
		{ABF16B32-15C4-4FD3-84C1-25DDE4566486}.Release|Any CPU.ActiveCfg = Release|Any CPU
		{ABF16B32-15C4-4FD3-84C1-25DDE4566486}.Release|Any CPU.Build.0 = Release|Any CPU
	EndGlobalSection
	GlobalSection(SolutionProperties) = preSolution
		HideSolutionNode = FALSE
	EndGlobalSection
	GlobalSection(ExtensibilityGlobals) = postSolution
		SolutionGuid = {DD600FF1-C213-4708-BB7E-79A610361906}
	EndGlobalSection
EndGlobal
